
Microsoft Visual Studio Solution File, Format Version 12.00
# Visual Studio Version 17
VisualStudioVersion = 17.0.32126.317
MinimumVisualStudioVersion = 10.0.40219.1
Project("{2150E333-8FDC-42A3-9474-1A3956D46DE8}") = "_Solution Items", "_Solution Items", "{A524FFB7-9275-4541-8F71-2EA5EAE32F98}"
	ProjectSection(SolutionItems) = preProject
		.editorconfig = .editorconfig
		.gitignore = .gitignore
		README.md = README.md
	EndProjectSection
EndProject
Project("{9A19103F-16F7-4668-BE54-9A1E7A4F7556}") = "Quiz.Application", "Quiz.Application\Quiz.Application.csproj", "{483BF027-3527-4600-9115-3873228B3563}"
EndProject
Project("{9A19103F-16F7-4668-BE54-9A1E7A4F7556}") = "Quiz.Domain", "Quiz.Domain\Quiz.Domain.csproj", "{DB5B46FB-BEE8-4321-8A28-C0235A2C5BE4}"
EndProject
Project("{9A19103F-16F7-4668-BE54-9A1E7A4F7556}") = "Quiz.Application.Contracts", "Quiz.Application.Contracts\Quiz.Application.Contracts.csproj", "{90275E62-D836-4591-A56E-F54A8F16B10A}"
EndProject
Project("{2150E333-8FDC-42A3-9474-1A3956D46DE8}") = "Quiz.DB.Scripts", "Quiz.DB.Scripts", "{9AB1B156-369C-4F14-A64A-83C21CF44ECE}"
	ProjectSection(SolutionItems) = preProject
		maui.android.cmd = maui.android.cmd
		Quiz.DB.Scripts\quizPatenteN.private.script.sql = Quiz.DB.Scripts\quizPatenteN.private.script.sql
		Quiz.DB.Scripts\Script.sql = Quiz.DB.Scripts\Script.sql
	EndProjectSection
EndProject
Project("{2150E333-8FDC-42A3-9474-1A3956D46DE8}") = "Clients", "Clients", "{54F1BAA1-A0FE-4573-AE5D-785BA689C23E}"
EndProject
Project("{9A19103F-16F7-4668-BE54-9A1E7A4F7556}") = "Quiz.Blazor.ServerApp", "Clients\Quiz.Blazor.ServerApp\Quiz.Blazor.ServerApp.csproj", "{87B69C53-AF4A-4DA5-A83E-F461170E4DDD}"
EndProject
Project("{2150E333-8FDC-42A3-9474-1A3956D46DE8}") = "Tests", "Tests", "{001B53AC-87A2-464C-8B81-CF4BE1434F7C}"
EndProject
Project("{9A19103F-16F7-4668-BE54-9A1E7A4F7556}") = "Quiz.Application.Test", "Tests\Quiz.Tests.Application\Quiz.Application.Test.csproj", "{52FCA3A6-479C-4084-B742-E7CDB3937B3E}"
EndProject
Project("{9A19103F-16F7-4668-BE54-9A1E7A4F7556}") = "Quiz.Domain.Test", "Tests\Quiz.Tests.Domain\Quiz.Domain.Test.csproj", "{3E2A4EB7-9E20-4E7C-9127-688C75FB1EA4}"
EndProject
Project("{9A19103F-16F7-4668-BE54-9A1E7A4F7556}") = "Quiz.Base.Test", "Tests\Quiz.Test.Base\Quiz.Base.Test.csproj", "{697F8B15-E2CA-4D31-BD1D-0F1B8357F665}"
EndProject
Project("{9A19103F-16F7-4668-BE54-9A1E7A4F7556}") = "Quiz.Domain.Identity", "Quiz.Domain.Identity\Quiz.Domain.Identity.csproj", "{DC3270DA-CFB0-423B-B7A4-E796D4B6C071}"
EndProject
Project("{9A19103F-16F7-4668-BE54-9A1E7A4F7556}") = "Quiz.Blazor.Shared", "Clients\Quiz.Blazor.Shared\Quiz.Blazor.Shared.csproj", "{3A3B7AD3-E3BB-445F-A22E-7ADBD8277645}"
EndProject
Project("{9A19103F-16F7-4668-BE54-9A1E7A4F7556}") = "Quiz.Domain.Migration.SQLServer", "Quiz.Domain.Migration.SQLServer\Quiz.Domain.Migration.SQLServer.csproj", "{3D124097-3764-4BC7-BDE0-E3D7374F211A}"
EndProject
Project("{9A19103F-16F7-4668-BE54-9A1E7A4F7556}") = "Quiz.Domain.Migration.SQLite", "Quiz.Domain.Migration.SQLite\Quiz.Domain.Migration.SQLite.csproj", "{C9922EAB-1E03-441B-812C-993859848807}"
EndProject
Project("{9A19103F-16F7-4668-BE54-9A1E7A4F7556}") = "Quiz.Mudblazor.ServerApp", "Clients\Quiz.Mudblazor.ServerApp\Quiz.Mudblazor.ServerApp.csproj", "{3F3F4EA8-14D5-4528-BB71-2A7AE291778A}"
EndProject
Project("{9A19103F-16F7-4668-BE54-9A1E7A4F7556}") = "Quiz.Blazor.Maui.Standalone", "Clients\Quiz.Blazor.Maui.Standalone\Quiz.Blazor.Maui.Standalone.csproj", "{B8EEB164-813C-4C15-987E-81FAAE8CE47B}"
EndProject
Global
	GlobalSection(SolutionConfigurationPlatforms) = preSolution
		Debug|Any CPU = Debug|Any CPU
		Release|Any CPU = Release|Any CPU
	EndGlobalSection
	GlobalSection(ProjectConfigurationPlatforms) = postSolution
		{483BF027-3527-4600-9115-3873228B3563}.Debug|Any CPU.ActiveCfg = Debug|Any CPU
		{483BF027-3527-4600-9115-3873228B3563}.Debug|Any CPU.Build.0 = Debug|Any CPU
		{483BF027-3527-4600-9115-3873228B3563}.Release|Any CPU.ActiveCfg = Release|Any CPU
		{483BF027-3527-4600-9115-3873228B3563}.Release|Any CPU.Build.0 = Release|Any CPU
		{DB5B46FB-BEE8-4321-8A28-C0235A2C5BE4}.Debug|Any CPU.ActiveCfg = Debug|Any CPU
		{DB5B46FB-BEE8-4321-8A28-C0235A2C5BE4}.Debug|Any CPU.Build.0 = Debug|Any CPU
		{DB5B46FB-BEE8-4321-8A28-C0235A2C5BE4}.Release|Any CPU.ActiveCfg = Release|Any CPU
		{DB5B46FB-BEE8-4321-8A28-C0235A2C5BE4}.Release|Any CPU.Build.0 = Release|Any CPU
		{90275E62-D836-4591-A56E-F54A8F16B10A}.Debug|Any CPU.ActiveCfg = Debug|Any CPU
		{90275E62-D836-4591-A56E-F54A8F16B10A}.Debug|Any CPU.Build.0 = Debug|Any CPU
		{90275E62-D836-4591-A56E-F54A8F16B10A}.Release|Any CPU.ActiveCfg = Release|Any CPU
		{90275E62-D836-4591-A56E-F54A8F16B10A}.Release|Any CPU.Build.0 = Release|Any CPU
		{87B69C53-AF4A-4DA5-A83E-F461170E4DDD}.Debug|Any CPU.ActiveCfg = Debug|Any CPU
		{87B69C53-AF4A-4DA5-A83E-F461170E4DDD}.Debug|Any CPU.Build.0 = Debug|Any CPU
		{87B69C53-AF4A-4DA5-A83E-F461170E4DDD}.Release|Any CPU.ActiveCfg = Release|Any CPU
		{87B69C53-AF4A-4DA5-A83E-F461170E4DDD}.Release|Any CPU.Build.0 = Release|Any CPU
		{52FCA3A6-479C-4084-B742-E7CDB3937B3E}.Debug|Any CPU.ActiveCfg = Debug|Any CPU
		{52FCA3A6-479C-4084-B742-E7CDB3937B3E}.Debug|Any CPU.Build.0 = Debug|Any CPU
		{52FCA3A6-479C-4084-B742-E7CDB3937B3E}.Release|Any CPU.ActiveCfg = Release|Any CPU
		{52FCA3A6-479C-4084-B742-E7CDB3937B3E}.Release|Any CPU.Build.0 = Release|Any CPU
		{3E2A4EB7-9E20-4E7C-9127-688C75FB1EA4}.Debug|Any CPU.ActiveCfg = Debug|Any CPU
		{3E2A4EB7-9E20-4E7C-9127-688C75FB1EA4}.Debug|Any CPU.Build.0 = Debug|Any CPU
		{3E2A4EB7-9E20-4E7C-9127-688C75FB1EA4}.Release|Any CPU.ActiveCfg = Release|Any CPU
		{3E2A4EB7-9E20-4E7C-9127-688C75FB1EA4}.Release|Any CPU.Build.0 = Release|Any CPU
		{697F8B15-E2CA-4D31-BD1D-0F1B8357F665}.Debug|Any CPU.ActiveCfg = Debug|Any CPU
		{697F8B15-E2CA-4D31-BD1D-0F1B8357F665}.Debug|Any CPU.Build.0 = Debug|Any CPU
		{697F8B15-E2CA-4D31-BD1D-0F1B8357F665}.Release|Any CPU.ActiveCfg = Release|Any CPU
		{697F8B15-E2CA-4D31-BD1D-0F1B8357F665}.Release|Any CPU.Build.0 = Release|Any CPU
		{DC3270DA-CFB0-423B-B7A4-E796D4B6C071}.Debug|Any CPU.ActiveCfg = Debug|Any CPU
		{DC3270DA-CFB0-423B-B7A4-E796D4B6C071}.Debug|Any CPU.Build.0 = Debug|Any CPU
		{DC3270DA-CFB0-423B-B7A4-E796D4B6C071}.Release|Any CPU.ActiveCfg = Release|Any CPU
		{DC3270DA-CFB0-423B-B7A4-E796D4B6C071}.Release|Any CPU.Build.0 = Release|Any CPU
		{3A3B7AD3-E3BB-445F-A22E-7ADBD8277645}.Debug|Any CPU.ActiveCfg = Debug|Any CPU
		{3A3B7AD3-E3BB-445F-A22E-7ADBD8277645}.Debug|Any CPU.Build.0 = Debug|Any CPU
		{3A3B7AD3-E3BB-445F-A22E-7ADBD8277645}.Release|Any CPU.ActiveCfg = Release|Any CPU
		{3A3B7AD3-E3BB-445F-A22E-7ADBD8277645}.Release|Any CPU.Build.0 = Release|Any CPU
		{3D124097-3764-4BC7-BDE0-E3D7374F211A}.Debug|Any CPU.ActiveCfg = Debug|Any CPU
		{3D124097-3764-4BC7-BDE0-E3D7374F211A}.Debug|Any CPU.Build.0 = Debug|Any CPU
		{3D124097-3764-4BC7-BDE0-E3D7374F211A}.Release|Any CPU.ActiveCfg = Release|Any CPU
		{3D124097-3764-4BC7-BDE0-E3D7374F211A}.Release|Any CPU.Build.0 = Release|Any CPU
		{C9922EAB-1E03-441B-812C-993859848807}.Debug|Any CPU.ActiveCfg = Debug|Any CPU
		{C9922EAB-1E03-441B-812C-993859848807}.Debug|Any CPU.Build.0 = Debug|Any CPU
		{C9922EAB-1E03-441B-812C-993859848807}.Release|Any CPU.ActiveCfg = Release|Any CPU
		{C9922EAB-1E03-441B-812C-993859848807}.Release|Any CPU.Build.0 = Release|Any CPU
		{3F3F4EA8-14D5-4528-BB71-2A7AE291778A}.Debug|Any CPU.ActiveCfg = Debug|Any CPU
		{3F3F4EA8-14D5-4528-BB71-2A7AE291778A}.Debug|Any CPU.Build.0 = Debug|Any CPU
		{3F3F4EA8-14D5-4528-BB71-2A7AE291778A}.Release|Any CPU.ActiveCfg = Release|Any CPU
		{3F3F4EA8-14D5-4528-BB71-2A7AE291778A}.Release|Any CPU.Build.0 = Release|Any CPU
		{B8EEB164-813C-4C15-987E-81FAAE8CE47B}.Debug|Any CPU.ActiveCfg = Debug|Any CPU
		{B8EEB164-813C-4C15-987E-81FAAE8CE47B}.Debug|Any CPU.Build.0 = Debug|Any CPU
		{B8EEB164-813C-4C15-987E-81FAAE8CE47B}.Debug|Any CPU.Deploy.0 = Debug|Any CPU
		{B8EEB164-813C-4C15-987E-81FAAE8CE47B}.Release|Any CPU.ActiveCfg = Release|Any CPU
		{B8EEB164-813C-4C15-987E-81FAAE8CE47B}.Release|Any CPU.Build.0 = Release|Any CPU
		{B8EEB164-813C-4C15-987E-81FAAE8CE47B}.Release|Any CPU.Deploy.0 = Release|Any CPU
	EndGlobalSection
	GlobalSection(SolutionProperties) = preSolution
		HideSolutionNode = FALSE
	EndGlobalSection
	GlobalSection(NestedProjects) = preSolution
		{9AB1B156-369C-4F14-A64A-83C21CF44ECE} = {A524FFB7-9275-4541-8F71-2EA5EAE32F98}
		{87B69C53-AF4A-4DA5-A83E-F461170E4DDD} = {54F1BAA1-A0FE-4573-AE5D-785BA689C23E}
		{52FCA3A6-479C-4084-B742-E7CDB3937B3E} = {001B53AC-87A2-464C-8B81-CF4BE1434F7C}
		{3E2A4EB7-9E20-4E7C-9127-688C75FB1EA4} = {001B53AC-87A2-464C-8B81-CF4BE1434F7C}
		{697F8B15-E2CA-4D31-BD1D-0F1B8357F665} = {001B53AC-87A2-464C-8B81-CF4BE1434F7C}
		{3A3B7AD3-E3BB-445F-A22E-7ADBD8277645} = {54F1BAA1-A0FE-4573-AE5D-785BA689C23E}
		{3F3F4EA8-14D5-4528-BB71-2A7AE291778A} = {54F1BAA1-A0FE-4573-AE5D-785BA689C23E}
		{B8EEB164-813C-4C15-987E-81FAAE8CE47B} = {54F1BAA1-A0FE-4573-AE5D-785BA689C23E}
	EndGlobalSection
	GlobalSection(ExtensibilityGlobals) = postSolution
		SolutionGuid = {E6D1A2C2-BF70-4B12-9A49-F43FAD897E86}
	EndGlobalSection
EndGlobal
